
Microsoft Visual Studio Solution File, Format Version 12.00
# Visual Studio Version 17
VisualStudioVersion = 17.0.31903.59
MinimumVisualStudioVersion = 10.0.40219.1
Project("{2150E333-8FDC-42A3-9474-1A3956D46DE8}") = "agent-windows", "agent-windows", "{EC915059-ACDB-474C-ACE1-FD0CB3F53A02}"
EndProject
Project("{2150E333-8FDC-42A3-9474-1A3956D46DE8}") = "src", "src", "{F8ABB0D7-D327-4105-A21E-3B5DC8C82113}"
EndProject
Project("{FAE04EC0-301F-11D3-BF4B-00C04F79EFBC}") = "OwlWatch.Core", "agent-windows\src\OwlWatch.Core\OwlWatch.Core.csproj", "{CDC99668-C32C-46FF-A872-6AD0978B31DA}"
EndProject
Project("{FAE04EC0-301F-11D3-BF4B-00C04F79EFBC}") = "OwlWatch.Rules", "agent-windows\src\OwlWatch.Rules\OwlWatch.Rules.csproj", "{508FCCF8-9ED9-4347-8BA0-395335A4238A}"
EndProject
Project("{FAE04EC0-301F-11D3-BF4B-00C04F79EFBC}") = "OwlWatch.Collectors", "agent-windows\src\OwlWatch.Collectors\OwlWatch.Collectors.csproj", "{CEE52B15-E705-4631-A0C2-4534517827CC}"
EndProject
Project("{FAE04EC0-301F-11D3-BF4B-00C04F79EFBC}") = "OwlWatch.Runtime", "agent-windows\src\OwlWatch.Runtime\OwlWatch.Runtime.csproj", "{3C788DCD-5B99-4338-A5EF-E36DF19FA8F3}"
EndProject
Project("{FAE04EC0-301F-11D3-BF4B-00C04F79EFBC}") = "OwlWatch.ExamCheck", "agent-windows\src\OwlWatch.ExamCheck\OwlWatch.ExamCheck.csproj", "{7FA32E90-A1AB-457C-9B57-DF1F7F37DA70}"
EndProject
Project("{FAE04EC0-301F-11D3-BF4B-00C04F79EFBC}") = "OwlWatch.Agent", "agent-windows\src\OwlWatch.Agent\OwlWatch.Agent.csproj", "{601BAED2-8AAF-4B2D-B37E-8EE718D7EA36}"
EndProject
Project("{2150E333-8FDC-42A3-9474-1A3956D46DE8}") = "tests", "tests", "{80A29672-7B78-4F5E-8A7D-FE7203F68B65}"
EndProject
Project("{FAE04EC0-301F-11D3-BF4B-00C04F79EFBC}") = "OwlWatch.SpecRunner", "agent-windows\tests\OwlWatch.SpecRunner\OwlWatch.SpecRunner.csproj", "{8D8B469E-D541-4E6B-B5EB-95BAF9569244}"
EndProject
Project("{2150E333-8FDC-42A3-9474-1A3956D46DE8}") = "sim", "sim", "{45853A5F-4EF1-4B3D-8002-A92B284BCECD}"
EndProject
Project("{FAE04EC0-301F-11D3-BF4B-00C04F79EFBC}") = "OwlWatchSim", "sim\OwlWatchSim\OwlWatchSim.csproj", "{9D6671B8-0C0D-480A-8F36-77258DFF37C8}"
EndProject
Global
	GlobalSection(SolutionConfigurationPlatforms) = preSolution
		Debug|Any CPU = Debug|Any CPU
		Release|Any CPU = Release|Any CPU
	EndGlobalSection
	GlobalSection(SolutionProperties) = preSolution
		HideSolutionNode = FALSE
	EndGlobalSection
	GlobalSection(ProjectConfigurationPlatforms) = postSolution
		{CDC99668-C32C-46FF-A872-6AD0978B31DA}.Debug|Any CPU.ActiveCfg = Debug|Any CPU
		{CDC99668-C32C-46FF-A872-6AD0978B31DA}.Debug|Any CPU.Build.0 = Debug|Any CPU
		{CDC99668-C32C-46FF-A872-6AD0978B31DA}.Release|Any CPU.ActiveCfg = Release|Any CPU
		{CDC99668-C32C-46FF-A872-6AD0978B31DA}.Release|Any CPU.Build.0 = Release|Any CPU
		{508FCCF8-9ED9-4347-8BA0-395335A4238A}.Debug|Any CPU.ActiveCfg = Debug|Any CPU
		{508FCCF8-9ED9-4347-8BA0-395335A4238A}.Debug|Any CPU.Build.0 = Debug|Any CPU
		{508FCCF8-9ED9-4347-8BA0-395335A4238A}.Release|Any CPU.ActiveCfg = Release|Any CPU
		{508FCCF8-9ED9-4347-8BA0-395335A4238A}.Release|Any CPU.Build.0 = Release|Any CPU
		{CEE52B15-E705-4631-A0C2-4534517827CC}.Debug|Any CPU.ActiveCfg = Debug|Any CPU
		{CEE52B15-E705-4631-A0C2-4534517827CC}.Debug|Any CPU.Build.0 = Debug|Any CPU
		{CEE52B15-E705-4631-A0C2-4534517827CC}.Release|Any CPU.ActiveCfg = Release|Any CPU
		{CEE52B15-E705-4631-A0C2-4534517827CC}.Release|Any CPU.Build.0 = Release|Any CPU
		{3C788DCD-5B99-4338-A5EF-E36DF19FA8F3}.Debug|Any CPU.ActiveCfg = Debug|Any CPU
		{3C788DCD-5B99-4338-A5EF-E36DF19FA8F3}.Debug|Any CPU.Build.0 = Debug|Any CPU
		{3C788DCD-5B99-4338-A5EF-E36DF19FA8F3}.Release|Any CPU.ActiveCfg = Release|Any CPU
		{3C788DCD-5B99-4338-A5EF-E36DF19FA8F3}.Release|Any CPU.Build.0 = Release|Any CPU
		{7FA32E90-A1AB-457C-9B57-DF1F7F37DA70}.Debug|Any CPU.ActiveCfg = Debug|Any CPU
		{7FA32E90-A1AB-457C-9B57-DF1F7F37DA70}.Debug|Any CPU.Build.0 = Debug|Any CPU
		{7FA32E90-A1AB-457C-9B57-DF1F7F37DA70}.Release|Any CPU.ActiveCfg = Release|Any CPU
		{7FA32E90-A1AB-457C-9B57-DF1F7F37DA70}.Release|Any CPU.Build.0 = Release|Any CPU
		{601BAED2-8AAF-4B2D-B37E-8EE718D7EA36}.Debug|Any CPU.ActiveCfg = Debug|Any CPU
		{601BAED2-8AAF-4B2D-B37E-8EE718D7EA36}.Debug|Any CPU.Build.0 = Debug|Any CPU
		{601BAED2-8AAF-4B2D-B37E-8EE718D7EA36}.Release|Any CPU.ActiveCfg = Release|Any CPU
		{601BAED2-8AAF-4B2D-B37E-8EE718D7EA36}.Release|Any CPU.Build.0 = Release|Any CPU
		{8D8B469E-D541-4E6B-B5EB-95BAF9569244}.Debug|Any CPU.ActiveCfg = Debug|Any CPU
		{8D8B469E-D541-4E6B-B5EB-95BAF9569244}.Debug|Any CPU.Build.0 = Debug|Any CPU
		{8D8B469E-D541-4E6B-B5EB-95BAF9569244}.Release|Any CPU.ActiveCfg = Release|Any CPU
		{8D8B469E-D541-4E6B-B5EB-95BAF9569244}.Release|Any CPU.Build.0 = Release|Any CPU
		{9D6671B8-0C0D-480A-8F36-77258DFF37C8}.Debug|Any CPU.ActiveCfg = Debug|Any CPU
		{9D6671B8-0C0D-480A-8F36-77258DFF37C8}.Debug|Any CPU.Build.0 = Debug|Any CPU
		{9D6671B8-0C0D-480A-8F36-77258DFF37C8}.Release|Any CPU.ActiveCfg = Release|Any CPU
		{9D6671B8-0C0D-480A-8F36-77258DFF37C8}.Release|Any CPU.Build.0 = Release|Any CPU
	EndGlobalSection
	GlobalSection(NestedProjects) = preSolution
		{F8ABB0D7-D327-4105-A21E-3B5DC8C82113} = {EC915059-ACDB-474C-ACE1-FD0CB3F53A02}
		{CDC99668-C32C-46FF-A872-6AD0978B31DA} = {F8ABB0D7-D327-4105-A21E-3B5DC8C82113}
		{508FCCF8-9ED9-4347-8BA0-395335A4238A} = {F8ABB0D7-D327-4105-A21E-3B5DC8C82113}
		{CEE52B15-E705-4631-A0C2-4534517827CC} = {F8ABB0D7-D327-4105-A21E-3B5DC8C82113}
		{3C788DCD-5B99-4338-A5EF-E36DF19FA8F3} = {F8ABB0D7-D327-4105-A21E-3B5DC8C82113}
		{7FA32E90-A1AB-457C-9B57-DF1F7F37DA70} = {F8ABB0D7-D327-4105-A21E-3B5DC8C82113}
		{601BAED2-8AAF-4B2D-B37E-8EE718D7EA36} = {F8ABB0D7-D327-4105-A21E-3B5DC8C82113}
		{80A29672-7B78-4F5E-8A7D-FE7203F68B65} = {EC915059-ACDB-474C-ACE1-FD0CB3F53A02}
		{8D8B469E-D541-4E6B-B5EB-95BAF9569244} = {80A29672-7B78-4F5E-8A7D-FE7203F68B65}
		{9D6671B8-0C0D-480A-8F36-77258DFF37C8} = {45853A5F-4EF1-4B3D-8002-A92B284BCECD}
	EndGlobalSection
EndGlobal
